
Microsoft Visual Studio Solution File, Format Version 12.00
# Visual Studio Version 16
VisualStudioVersion = 16.0.31205.134
MinimumVisualStudioVersion = 10.0.40219.1
Project("{FAE04EC0-301F-11D3-BF4B-00C04F79EFBC}") = "tutorial-beanstalk2", "tutorial-beanstalk2\tutorial-beanstalk2.csproj", "{78A53E68-9DCE-4CCA-B651-2E8F517BE71F}"
EndProject
Project("{FAE04EC0-301F-11D3-BF4B-00C04F79EFBC}") = "Shop.Data", "Shop.Data\Shop.Data.csproj", "{CD31A732-26A1-436F-87E7-5B6F9CD07EEE}"
EndProject
Project("{FAE04EC0-301F-11D3-BF4B-00C04F79EFBC}") = "Shop.Service", "Shop.Service\Shop.Service.csproj", "{3A9087A8-FC38-46B0-887A-A0C454A8B8EC}"
EndProject
Global
	GlobalSection(SolutionConfigurationPlatforms) = preSolution
		Debug|Any CPU = Debug|Any CPU
		Release|Any CPU = Release|Any CPU
	EndGlobalSection
	GlobalSection(ProjectConfigurationPlatforms) = postSolution
		{78A53E68-9DCE-4CCA-B651-2E8F517BE71F}.Debug|Any CPU.ActiveCfg = Debug|Any CPU
		{78A53E68-9DCE-4CCA-B651-2E8F517BE71F}.Debug|Any CPU.Build.0 = Debug|Any CPU
		{78A53E68-9DCE-4CCA-B651-2E8F517BE71F}.Release|Any CPU.ActiveCfg = Release|Any CPU
		{78A53E68-9DCE-4CCA-B651-2E8F517BE71F}.Release|Any CPU.Build.0 = Release|Any CPU
		{CD31A732-26A1-436F-87E7-5B6F9CD07EEE}.Debug|Any CPU.ActiveCfg = Debug|Any CPU
		{CD31A732-26A1-436F-87E7-5B6F9CD07EEE}.Debug|Any CPU.Build.0 = Debug|Any CPU
		{CD31A732-26A1-436F-87E7-5B6F9CD07EEE}.Release|Any CPU.ActiveCfg = Release|Any CPU
		{CD31A732-26A1-436F-87E7-5B6F9CD07EEE}.Release|Any CPU.Build.0 = Release|Any CPU
		{3A9087A8-FC38-46B0-887A-A0C454A8B8EC}.Debug|Any CPU.ActiveCfg = Debug|Any CPU
		{3A9087A8-FC38-46B0-887A-A0C454A8B8EC}.Debug|Any CPU.Build.0 = Debug|Any CPU
		{3A9087A8-FC38-46B0-887A-A0C454A8B8EC}.Release|Any CPU.ActiveCfg = Release|Any CPU
		{3A9087A8-FC38-46B0-887A-A0C454A8B8EC}.Release|Any CPU.Build.0 = Release|Any CPU
	EndGlobalSection
	GlobalSection(SolutionProperties) = preSolution
		HideSolutionNode = FALSE
	EndGlobalSection
	GlobalSection(ExtensibilityGlobals) = postSolution
		SolutionGuid = {C90EE0D4-3126-4DCE-B68C-DE2B83405EB9}
	EndGlobalSection
EndGlobal
